
Microsoft Visual Studio Solution File, Format Version 12.00
# Visual Studio Version 16
VisualStudioVersion = 16.0.31702.278
MinimumVisualStudioVersion = 10.0.40219.1
Project("{8BC9CEB8-8B4A-11D0-8D11-00A0C91BC942}") = "PM_U2_Q2", "PM_U2_Q2\PM_U2_Q2.vcxproj", "{942B3258-F886-46B9-BED6-D2AFA9C07FC5}"
EndProject
Global
	GlobalSection(SolutionConfigurationPlatforms) = preSolution
		Debug|x64 = Debug|x64
		Debug|x86 = Debug|x86
		Release|x64 = Release|x64
		Release|x86 = Release|x86
	EndGlobalSection
	GlobalSection(ProjectConfigurationPlatforms) = postSolution
		{942B3258-F886-46B9-BED6-D2AFA9C07FC5}.Debug|x64.ActiveCfg = Debug|x64
		{942B3258-F886-46B9-BED6-D2AFA9C07FC5}.Debug|x64.Build.0 = Debug|x64
		{942B3258-F886-46B9-BED6-D2AFA9C07FC5}.Debug|x86.ActiveCfg = Debug|Win32
		{942B3258-F886-46B9-BED6-D2AFA9C07FC5}.Debug|x86.Build.0 = Debug|Win32
		{942B3258-F886-46B9-BED6-D2AFA9C07FC5}.Release|x64.ActiveCfg = Release|x64
		{942B3258-F886-46B9-BED6-D2AFA9C07FC5}.Release|x64.Build.0 = Release|x64
		{942B3258-F886-46B9-BED6-D2AFA9C07FC5}.Release|x86.ActiveCfg = Release|Win32
		{942B3258-F886-46B9-BED6-D2AFA9C07FC5}.Release|x86.Build.0 = Release|Win32
	EndGlobalSection
	GlobalSection(SolutionProperties) = preSolution
		HideSolutionNode = FALSE
	EndGlobalSection
	GlobalSection(ExtensibilityGlobals) = postSolution
		SolutionGuid = {37DBDA43-BAC3-4614-9EE8-7CA29BECB861}
	EndGlobalSection
EndGlobal
