<?xml version="1.0" encoding="utf-8"?>
<Project ToolsVersion="4.0" xmlns="http://schemas.microsoft.com/developer/msbuild/2003">
  <ItemGroup>
    <MASM Include="P_0_plantilla.asm" />
    <MASM Include="P_1_TransferenciaDatos.asm" />
    <MASM Include="P_2_IntroOpArit.asm" />
    <MASM Include="P_3_EscrituraEnPantalla.asm" />
    <MASM Include="P_4_LeerDatosConsola.asm" />
    <MASM Include="P_5_ImprimeCadenenconsola.asm" />
    <MASM Include="P_6_Op_SUB_.asm" />
    <MASM Include="P_7_Multiplicacion_.asm" />
    <MASM Include="P_8_Division_.asm" />
    <MASM Include="P_9_EcuacionLineaRecta.asm" />
    <MASM Include="P_10_Promedio5Numeros.asm" />
    <MASM Include="P_11_AreaRectangulo_.asm" />
    <MASM Include="P_12_IntroSaltosIncondicionales_.asm" />
    <MASM Include="P_13_SaltosCondicionales.asm" />
  </ItemGroup>
  <ItemGroup>
    <Object Include="..\..\..\..\..\..\Irvine\Lib32\Irvine32_Library\Irvine32.obj" />
  </ItemGroup>
</Project>