<?xml version="1.0" encoding="utf-8"?>
<Project ToolsVersion="4.0" xmlns="http://schemas.microsoft.com/developer/msbuild/2003">
  <ItemGroup>
    <MASM Include="P_0_plantilla.asm" />
    <MASM Include="P_1_TransferenciaDatos.asm" />
    <MASM Include="P_2_IntroOpArit.asm" />
    <MASM Include="P_3_EscrituraEnPantalla.asm" />
    <MASM Include="P_4_LeerDatosConsola.asm" />
    <MASM Include="P_5_ImprimeCadenenconsola.asm" />
    <MASM Include="P_6_Op_SUB_.asm" />
    <MASM Include="P_7_Multiplicacion_.asm" />
    <MASM Include="P_8_Division_.asm" />
    <MASM Include="P_12_IntroSaltosIncondicionales_.asm" />
    <MASM Include="P_13_SaltosCondicionales.asm" />
    <MASM Include="P_11_AreaRectangulo_.asm">
      <Filter>Practicas</Filter>
    </MASM>
    <MASM Include="P_9_EcuacionLineaRecta.asm">
      <Filter>Practicas</Filter>
    </MASM>
    <MASM Include="P_10_Promedio5Numeros.asm">
      <Filter>Practicas</Filter>
    </MASM>
    <MASM Include="P_14_NumeroPar_.asm" />
    <MASM Include="P_15_ImprimirSerie_.asm" />
    <MASM Include="P_16_XalaY_.asm" />
    <MASM Include="P_17_Checar2Num_.asm" />
    <MASM Include="P_18_LeerHastaNegativos_.asm" />
    <MASM Include="P_19_IntroPila_.asm" />
    <MASM Include="P_20_CiclosAnidados1_.asm" />
    <MASM Include="P_21_TablaMultiplicar.asm" />
    <MASM Include="P_22_TablaMultiplicarConPila.asm" />
    <MASM Include="Ej_4_LeerNumerosPositivos.asm" />
    <MASM Include="Ejercicio_5_SumaHastaNeg.asm" />
    <MASM Include="Ej6.asm" />
    <MASM Include="EJ7.asm">
      <Filter>EjerciciosUN2</Filter>
    </MASM>
    <MASM Include="ET_4_Edad.asm">
      <Filter>EjerciciosUN2</Filter>
    </MASM>
    <MASM Include="ET_6_Pinturas.asm">
      <Filter>EjerciciosUN2</Filter>
    </MASM>
    <MASM Include="ET_7_Autobuses.asm">
      <Filter>EjerciciosUN2</Filter>
    </MASM>
    <MASM Include="ET_8_CONAGUA.asm">
      <Filter>EjerciciosUN2</Filter>
    </MASM>
    <MASM Include="ET_9_CFE.asm">
      <Filter>EjerciciosUN2</Filter>
    </MASM>
    <MASM Include="ET_3_Sueldo.asm">
      <Filter>EjerciciosUN2</Filter>
    </MASM>
    <MASM Include="ET_1_Areas.asm">
      <Filter>EjerciciosUN2</Filter>
    </MASM>
    <MASM Include="EJ2_Manhattan.asm">
      <Filter>EjerciciosUN2</Filter>
    </MASM>
    <MASM Include="ETPB_2_Manhattan.asm" />
  </ItemGroup>
  <ItemGroup>
    <Object Include="..\..\..\..\..\..\Irvine\Lib32\Irvine32_Library\Irvine32.obj" />
  </ItemGroup>
  <ItemGroup>
    <Filter Include="Practicas">
      <UniqueIdentifier>{506326e3-494e-4002-86d6-caf4f32ee2aa}</UniqueIdentifier>
    </Filter>
    <Filter Include="EjerciciosUN2">
      <UniqueIdentifier>{787068b0-6ac2-44cf-8b9a-5bafc9fe86c2}</UniqueIdentifier>
    </Filter>
  </ItemGroup>
</Project>